{
  "name": "signalk-polar-recorder",
  "version": "1.0.0",
  "lockfileVersion": 3,
  "requires": true,
  "packages": {
    "": {
      "name": "signalk-polar-recorder",
      "version": "1.0.0",
      "dependencies": {
        "highcharts": "^12.1.2"
      }
    },
    "node_modules/highcharts": {
      "version": "12.1.2",
      "resolved": "https://registry.npmjs.org/highcharts/-/highcharts-12.1.2.tgz",
      "integrity": "sha512-paZ72q1um0zZT1sS+O/3JfXVSOLPmZ0zlo8SgRc0rEplPFPQUPc4VpkgQS8IUTueeOBgIWwVpAWyC9tBYbQ0kg==",
      "license": "https://www.highcharts.com/license"
    }
  }
}
